
Microsoft Visual Studio Solution File, Format Version 12.00
# Visual Studio 15
VisualStudioVersion = 15.0.28307.136
MinimumVisualStudioVersion = 10.0.40219.1
Project("{FAE04EC0-301F-11D3-BF4B-00C04F79EFBC}") = "TripKraken.Crawler", "TripKrakenCrawler\TripKraken.Crawler.csproj", "{29DD7FAB-EA73-4DBD-B170-DD5B52A22FEE}"
EndProject
Project("{FAE04EC0-301F-11D3-BF4B-00C04F79EFBC}") = "TripKraken.DataSource", "TripKraken.DataSource\TripKraken.DataSource.csproj", "{0A8B0689-5D31-4F21-AD8F-2AA24DD73D62}"
EndProject
Project("{FAE04EC0-301F-11D3-BF4B-00C04F79EFBC}") = "TripKraken.Web", "TripKraken.Web\TripKraken.Web.csproj", "{DD391335-B5B0-4651-88C4-5A1EF6F00089}"
EndProject
Project("{FAE04EC0-301F-11D3-BF4B-00C04F79EFBC}") = "TripKraken.Web.Tests", "TripKraken.Web.Tests\TripKraken.Web.Tests.csproj", "{3CA28AEF-0F02-4EF7-B378-B8C471ECC9C4}"
EndProject
Global
	GlobalSection(SolutionConfigurationPlatforms) = preSolution
		Debug|Any CPU = Debug|Any CPU
		Release|Any CPU = Release|Any CPU
	EndGlobalSection
	GlobalSection(ProjectConfigurationPlatforms) = postSolution
		{29DD7FAB-EA73-4DBD-B170-DD5B52A22FEE}.Debug|Any CPU.ActiveCfg = Debug|Any CPU
		{29DD7FAB-EA73-4DBD-B170-DD5B52A22FEE}.Debug|Any CPU.Build.0 = Debug|Any CPU
		{29DD7FAB-EA73-4DBD-B170-DD5B52A22FEE}.Release|Any CPU.ActiveCfg = Release|Any CPU
		{29DD7FAB-EA73-4DBD-B170-DD5B52A22FEE}.Release|Any CPU.Build.0 = Release|Any CPU
		{0A8B0689-5D31-4F21-AD8F-2AA24DD73D62}.Debug|Any CPU.ActiveCfg = Debug|Any CPU
		{0A8B0689-5D31-4F21-AD8F-2AA24DD73D62}.Debug|Any CPU.Build.0 = Debug|Any CPU
		{0A8B0689-5D31-4F21-AD8F-2AA24DD73D62}.Release|Any CPU.ActiveCfg = Release|Any CPU
		{0A8B0689-5D31-4F21-AD8F-2AA24DD73D62}.Release|Any CPU.Build.0 = Release|Any CPU
		{DD391335-B5B0-4651-88C4-5A1EF6F00089}.Debug|Any CPU.ActiveCfg = Debug|Any CPU
		{DD391335-B5B0-4651-88C4-5A1EF6F00089}.Debug|Any CPU.Build.0 = Debug|Any CPU
		{DD391335-B5B0-4651-88C4-5A1EF6F00089}.Release|Any CPU.ActiveCfg = Release|Any CPU
		{DD391335-B5B0-4651-88C4-5A1EF6F00089}.Release|Any CPU.Build.0 = Release|Any CPU
		{3CA28AEF-0F02-4EF7-B378-B8C471ECC9C4}.Debug|Any CPU.ActiveCfg = Debug|Any CPU
		{3CA28AEF-0F02-4EF7-B378-B8C471ECC9C4}.Debug|Any CPU.Build.0 = Debug|Any CPU
		{3CA28AEF-0F02-4EF7-B378-B8C471ECC9C4}.Release|Any CPU.ActiveCfg = Release|Any CPU
		{3CA28AEF-0F02-4EF7-B378-B8C471ECC9C4}.Release|Any CPU.Build.0 = Release|Any CPU
	EndGlobalSection
	GlobalSection(SolutionProperties) = preSolution
		HideSolutionNode = FALSE
	EndGlobalSection
	GlobalSection(ExtensibilityGlobals) = postSolution
		SolutionGuid = {3835334B-0A63-4D12-8655-E9A2A2794998}
	EndGlobalSection
EndGlobal
